// !$*UTF8*$!
{
	archiveVersion = 1;
	classes = {
	};
	objectVersion = 55;
	objects = {

/* Begin PBXBuildFile section */
		849017B427AFC2C2002C2FF0 /* Set_SwiftUI_App.swift in Sources */ = {isa = PBXBuildFile; fileRef = 849017B327AFC2C2002C2FF0 /* Set_SwiftUI_App.swift */; };
		849017B627AFC2C2002C2FF0 /* ContentView.swift in Sources */ = {isa = PBXBuildFile; fileRef = 849017B527AFC2C2002C2FF0 /* ContentView.swift */; };
		849017B827AFC2C7002C2FF0 /* Assets.xcassets in Resources */ = {isa = PBXBuildFile; fileRef = 849017B727AFC2C7002C2FF0 /* Assets.xcassets */; };
		849017BB27AFC2C7002C2FF0 /* Preview Assets.xcassets in Resources */ = {isa = PBXBuildFile; fileRef = 849017BA27AFC2C7002C2FF0 /* Preview Assets.xcassets */; };
		849017C227AFC4FD002C2FF0 /* Diamond.swift in Sources */ = {isa = PBXBuildFile; fileRef = 849017C127AFC4FD002C2FF0 /* Diamond.swift */; };
		849017C427B12F22002C2FF0 /* Squiggle.swift in Sources */ = {isa = PBXBuildFile; fileRef = 849017C327B12F21002C2FF0 /* Squiggle.swift */; };
		849017C627B15476002C2FF0 /* Model.swift in Sources */ = {isa = PBXBuildFile; fileRef = 849017C527B15476002C2FF0 /* Model.swift */; };
		849017C827B390CF002C2FF0 /* ViewModel.swift in Sources */ = {isa = PBXBuildFile; fileRef = 849017C727B390CE002C2FF0 /* ViewModel.swift */; };
		849017CE27B66E21002C2FF0 /* CardView.swift in Sources */ = {isa = PBXBuildFile; fileRef = 849017CD27B66E21002C2FF0 /* CardView.swift */; };
		849017D027B66E6B002C2FF0 /* StripedPattern.swift in Sources */ = {isa = PBXBuildFile; fileRef = 849017CF27B66E6B002C2FF0 /* StripedPattern.swift */; };
		84BCAE3927BE5E740052F44A /* CustomLazyVGrid.swift in Sources */ = {isa = PBXBuildFile; fileRef = 84BCAE3827BE5E730052F44A /* CustomLazyVGrid.swift */; };
/* End PBXBuildFile section */

/* Begin PBXFileReference section */
		849017B027AFC2C2002C2FF0 /* Set(SwiftUI).app */ = {isa = PBXFileReference; explicitFileType = wrapper.application; includeInIndex = 0; path = "Set(SwiftUI).app"; sourceTree = BUILT_PRODUCTS_DIR; };
		849017B327AFC2C2002C2FF0 /* Set_SwiftUI_App.swift */ = {isa = PBXFileReference; lastKnownFileType = sourcecode.swift; path = Set_SwiftUI_App.swift; sourceTree = "<group>"; };
		849017B527AFC2C2002C2FF0 /* ContentView.swift */ = {isa = PBXFileReference; lastKnownFileType = sourcecode.swift; path = ContentView.swift; sourceTree = "<group>"; };
		849017B727AFC2C7002C2FF0 /* Assets.xcassets */ = {isa = PBXFileReference; lastKnownFileType = folder.assetcatalog; path = Assets.xcassets; sourceTree = "<group>"; };
		849017BA27AFC2C7002C2FF0 /* Preview Assets.xcassets */ = {isa = PBXFileReference; lastKnownFileType = folder.assetcatalog; path = "Preview Assets.xcassets"; sourceTree = "<group>"; };
		849017C127AFC4FD002C2FF0 /* Diamond.swift */ = {isa = PBXFileReference; lastKnownFileType = sourcecode.swift; path = Diamond.swift; sourceTree = "<group>"; };
		849017C327B12F21002C2FF0 /* Squiggle.swift */ = {isa = PBXFileReference; lastKnownFileType = sourcecode.swift; path = Squiggle.swift; sourceTree = "<group>"; };
		849017C527B15476002C2FF0 /* Model.swift */ = {isa = PBXFileReference; lastKnownFileType = sourcecode.swift; path = Model.swift; sourceTree = "<group>"; };
		849017C727B390CE002C2FF0 /* ViewModel.swift */ = {isa = PBXFileReference; lastKnownFileType = sourcecode.swift; path = ViewModel.swift; sourceTree = "<group>"; };
		849017CD27B66E21002C2FF0 /* CardView.swift */ = {isa = PBXFileReference; lastKnownFileType = sourcecode.swift; path = CardView.swift; sourceTree = "<group>"; };
		849017CF27B66E6B002C2FF0 /* StripedPattern.swift */ = {isa = PBXFileReference; lastKnownFileType = sourcecode.swift; path = StripedPattern.swift; sourceTree = "<group>"; };
		84BCAE3827BE5E730052F44A /* CustomLazyVGrid.swift */ = {isa = PBXFileReference; lastKnownFileType = sourcecode.swift; path = CustomLazyVGrid.swift; sourceTree = "<group>"; };
/* End PBXFileReference section */

/* Begin PBXFrameworksBuildPhase section */
		849017AD27AFC2C2002C2FF0 /* Frameworks */ = {
			isa = PBXFrameworksBuildPhase;
			buildActionMask = 2147483647;
			files = (
			);
			runOnlyForDeploymentPostprocessing = 0;
		};
/* End PBXFrameworksBuildPhase section */

/* Begin PBXGroup section */
		849017A727AFC2C2002C2FF0 = {
			isa = PBXGroup;
			children = (
				849017B227AFC2C2002C2FF0 /* Set(SwiftUI) */,
				849017B127AFC2C2002C2FF0 /* Products */,
			);
			sourceTree = "<group>";
		};
		849017B127AFC2C2002C2FF0 /* Products */ = {
			isa = PBXGroup;
			children = (
				849017B027AFC2C2002C2FF0 /* Set(SwiftUI).app */,
			);
			name = Products;
			sourceTree = "<group>";
		};
		849017B227AFC2C2002C2FF0 /* Set(SwiftUI) */ = {
			isa = PBXGroup;
			children = (
				849017C727B390CE002C2FF0 /* ViewModel.swift */,
				849017B327AFC2C2002C2FF0 /* Set_SwiftUI_App.swift */,
				849017B527AFC2C2002C2FF0 /* ContentView.swift */,
				849017B727AFC2C7002C2FF0 /* Assets.xcassets */,
				849017B927AFC2C7002C2FF0 /* Preview Content */,
				849017C127AFC4FD002C2FF0 /* Diamond.swift */,
				849017C327B12F21002C2FF0 /* Squiggle.swift */,
				849017C527B15476002C2FF0 /* Model.swift */,
				849017CD27B66E21002C2FF0 /* CardView.swift */,
				849017CF27B66E6B002C2FF0 /* StripedPattern.swift */,
				84BCAE3827BE5E730052F44A /* CustomLazyVGrid.swift */,
			);
			path = "Set(SwiftUI)";
			sourceTree = "<group>";
		};
		849017B927AFC2C7002C2FF0 /* Preview Content */ = {
			isa = PBXGroup;
			children = (
				849017BA27AFC2C7002C2FF0 /* Preview Assets.xcassets */,
			);
			path = "Preview Content";
			sourceTree = "<group>";
		};
/* End PBXGroup section */

/* Begin PBXNativeTarget section */
		849017AF27AFC2C2002C2FF0 /* Set(SwiftUI) */ = {
			isa = PBXNativeTarget;
			buildConfigurationList = 849017BE27AFC2C7002C2FF0 /* Build configuration list for PBXNativeTarget "Set(SwiftUI)" */;
			buildPhases = (
				849017AC27AFC2C2002C2FF0 /* Sources */,
				849017AD27AFC2C2002C2FF0 /* Frameworks */,
				849017AE27AFC2C2002C2FF0 /* Resources */,
			);
			buildRules = (
			);
			dependencies = (
			);
			name = "Set(SwiftUI)";
			productName = "Set(SwiftUI)";
			productReference = 849017B027AFC2C2002C2FF0 /* Set(SwiftUI).app */;
			productType = "com.apple.product-type.application";
		};
/* End PBXNativeTarget section */

/* Begin PBXProject section */
		849017A827AFC2C2002C2FF0 /* Project object */ = {
			isa = PBXProject;
			attributes = {
				BuildIndependentTargetsInParallel = 1;
				LastSwiftUpdateCheck = 1320;
				LastUpgradeCheck = 1320;
				TargetAttributes = {
					849017AF27AFC2C2002C2FF0 = {
						CreatedOnToolsVersion = 13.2.1;
					};
				};
			};
			buildConfigurationList = 849017AB27AFC2C2002C2FF0 /* Build configuration list for PBXProject "Set(SwiftUI)" */;
			compatibilityVersion = "Xcode 13.0";
			developmentRegion = en;
			hasScannedForEncodings = 0;
			knownRegions = (
				en,
				Base,
			);
			mainGroup = 849017A727AFC2C2002C2FF0;
			productRefGroup = 849017B127AFC2C2002C2FF0 /* Products */;
			projectDirPath = "";
			projectRoot = "";
			targets = (
				849017AF27AFC2C2002C2FF0 /* Set(SwiftUI) */,
			);
		};
/* End PBXProject section */

/* Begin PBXResourcesBuildPhase section */
		849017AE27AFC2C2002C2FF0 /* Resources */ = {
			isa = PBXResourcesBuildPhase;
			buildActionMask = 2147483647;
			files = (
				849017BB27AFC2C7002C2FF0 /* Preview Assets.xcassets in Resources */,
				849017B827AFC2C7002C2FF0 /* Assets.xcassets in Resources */,
			);
			runOnlyForDeploymentPostprocessing = 0;
		};
/* End PBXResourcesBuildPhase section */

/* Begin PBXSourcesBuildPhase section */
		849017AC27AFC2C2002C2FF0 /* Sources */ = {
			isa = PBXSourcesBuildPhase;
			buildActionMask = 2147483647;
			files = (
				84BCAE3927BE5E740052F44A /* CustomLazyVGrid.swift in Sources */,
				849017D027B66E6B002C2FF0 /* StripedPattern.swift in Sources */,
				849017C627B15476002C2FF0 /* Model.swift in Sources */,
				849017C227AFC4FD002C2FF0 /* Diamond.swift in Sources */,
				849017CE27B66E21002C2FF0 /* CardView.swift in Sources */,
				849017B627AFC2C2002C2FF0 /* ContentView.swift in Sources */,
				849017C427B12F22002C2FF0 /* Squiggle.swift in Sources */,
				849017C827B390CF002C2FF0 /* ViewModel.swift in Sources */,
				849017B427AFC2C2002C2FF0 /* Set_SwiftUI_App.swift in Sources */,
			);
			runOnlyForDeploymentPostprocessing = 0;
		};
/* End PBXSourcesBuildPhase section */

/* Begin XCBuildConfiguration section */
		849017BC27AFC2C7002C2FF0 /* Debug */ = {
			isa = XCBuildConfiguration;
			buildSettings = {
				ALWAYS_SEARCH_USER_PATHS = NO;
				CLANG_ANALYZER_NONNULL = YES;
				CLANG_ANALYZER_NUMBER_OBJECT_CONVERSION = YES_AGGRESSIVE;
				CLANG_CXX_LANGUAGE_STANDARD = "gnu++17";
				CLANG_CXX_LIBRARY = "libc++";
				CLANG_ENABLE_MODULES = YES;
				CLANG_ENABLE_OBJC_ARC = YES;
				CLANG_ENABLE_OBJC_WEAK = YES;
				CLANG_WARN_BLOCK_CAPTURE_AUTORELEASING = YES;
				CLANG_WARN_BOOL_CONVERSION = YES;
				CLANG_WARN_COMMA = YES;
				CLANG_WARN_CONSTANT_CONVERSION = YES;
				CLANG_WARN_DEPRECATED_OBJC_IMPLEMENTATIONS = YES;
				CLANG_WARN_DIRECT_OBJC_ISA_USAGE = YES_ERROR;
				CLANG_WARN_DOCUMENTATION_COMMENTS = YES;
				CLANG_WARN_EMPTY_BODY = YES;
				CLANG_WARN_ENUM_CONVERSION = YES;
				CLANG_WARN_INFINITE_RECURSION = YES;
				CLANG_WARN_INT_CONVERSION = YES;
				CLANG_WARN_NON_LITERAL_NULL_CONVERSION = YES;
				CLANG_WARN_OBJC_IMPLICIT_RETAIN_SELF = YES;
				CLANG_WARN_OBJC_LITERAL_CONVERSION = YES;
				CLANG_WARN_OBJC_ROOT_CLASS = YES_ERROR;
				CLANG_WARN_QUOTED_INCLUDE_IN_FRAMEWORK_HEADER = YES;
				CLANG_WARN_RANGE_LOOP_ANALYSIS = YES;
				CLANG_WARN_STRICT_PROTOTYPES = YES;
				CLANG_WARN_SUSPICIOUS_MOVE = YES;
				CLANG_WARN_UNGUARDED_AVAILABILITY = YES_AGGRESSIVE;
				CLANG_WARN_UNREACHABLE_CODE = YES;
				CLANG_WARN__DUPLICATE_METHOD_MATCH = YES;
				COPY_PHASE_STRIP = NO;
				DEBUG_INFORMATION_FORMAT = dwarf;
				ENABLE_STRICT_OBJC_MSGSEND = YES;
				ENABLE_TESTABILITY = YES;
				GCC_C_LANGUAGE_STANDARD = gnu11;
				GCC_DYNAMIC_NO_PIC = NO;
				GCC_NO_COMMON_BLOCKS = YES;
				GCC_OPTIMIZATION_LEVEL = 0;
				GCC_PREPROCESSOR_DEFINITIONS = (
					"DEBUG=1",
					"$(inherited)",
				);
				GCC_WARN_64_TO_32_BIT_CONVERSION = YES;
				GCC_WARN_ABOUT_RETURN_TYPE = YES_ERROR;
				GCC_WARN_UNDECLARED_SELECTOR = YES;
				GCC_WARN_UNINITIALIZED_AUTOS = YES_AGGRESSIVE;
				GCC_WARN_UNUSED_FUNCTION = YES;
				GCC_WARN_UNUSED_VARIABLE = YES;
				IPHONEOS_DEPLOYMENT_TARGET = 15.2;
				MTL_ENABLE_DEBUG_INFO = INCLUDE_SOURCE;
				MTL_FAST_MATH = YES;
				ONLY_ACTIVE_ARCH = YES;
				SDKROOT = iphoneos;
				SWIFT_ACTIVE_COMPILATION_CONDITIONS = DEBUG;
				SWIFT_OPTIMIZATION_LEVEL = "-Onone";
			};
			name = Debug;
		};
		849017BD27AFC2C7002C2FF0 /* Release */ = {
			isa = XCBuildConfiguration;
			buildSettings = {
				ALWAYS_SEARCH_USER_PATHS = NO;
				CLANG_ANALYZER_NONNULL = YES;
				CLANG_ANALYZER_NUMBER_OBJECT_CONVERSION = YES_AGGRESSIVE;
				CLANG_CXX_LANGUAGE_STANDARD = "gnu++17";
				CLANG_CXX_LIBRARY = "libc++";
				CLANG_ENABLE_MODULES = YES;
				CLANG_ENABLE_OBJC_ARC = YES;
				CLANG_ENABLE_OBJC_WEAK = YES;
				CLANG_WARN_BLOCK_CAPTURE_AUTORELEASING = YES;
				CLANG_WARN_BOOL_CONVERSION = YES;
				CLANG_WARN_COMMA = YES;
				CLANG_WARN_CONSTANT_CONVERSION = YES;
				CLANG_WARN_DEPRECATED_OBJC_IMPLEMENTATIONS = YES;
				CLANG_WARN_DIRECT_OBJC_ISA_USAGE = YES_ERROR;
				CLANG_WARN_DOCUMENTATION_COMMENTS = YES;
				CLANG_WARN_EMPTY_BODY = YES;
				CLANG_WARN_ENUM_CONVERSION = YES;
				CLANG_WARN_INFINITE_RECURSION = YES;
				CLANG_WARN_INT_CONVERSION = YES;
				CLANG_WARN_NON_LITERAL_NULL_CONVERSION = YES;
				CLANG_WARN_OBJC_IMPLICIT_RETAIN_SELF = YES;
				CLANG_WARN_OBJC_LITERAL_CONVERSION = YES;
				CLANG_WARN_OBJC_ROOT_CLASS = YES_ERROR;
				CLANG_WARN_QUOTED_INCLUDE_IN_FRAMEWORK_HEADER = YES;
				CLANG_WARN_RANGE_LOOP_ANALYSIS = YES;
				CLANG_WARN_STRICT_PROTOTYPES = YES;
				CLANG_WARN_SUSPICIOUS_MOVE = YES;
				CLANG_WARN_UNGUARDED_AVAILABILITY = YES_AGGRESSIVE;
				CLANG_WARN_UNREACHABLE_CODE = YES;
				CLANG_WARN__DUPLICATE_METHOD_MATCH = YES;
				COPY_PHASE_STRIP = NO;
				DEBUG_INFORMATION_FORMAT = "dwarf-with-dsym";
				ENABLE_NS_ASSERTIONS = NO;
				ENABLE_STRICT_OBJC_MSGSEND = YES;
				GCC_C_LANGUAGE_STANDARD = gnu11;
				GCC_NO_COMMON_BLOCKS = YES;
				GCC_WARN_64_TO_32_BIT_CONVERSION = YES;
				GCC_WARN_ABOUT_RETURN_TYPE = YES_ERROR;
				GCC_WARN_UNDECLARED_SELECTOR = YES;
				GCC_WARN_UNINITIALIZED_AUTOS = YES_AGGRESSIVE;
				GCC_WARN_UNUSED_FUNCTION = YES;
				GCC_WARN_UNUSED_VARIABLE = YES;
				IPHONEOS_DEPLOYMENT_TARGET = 15.2;
				MTL_ENABLE_DEBUG_INFO = NO;
				MTL_FAST_MATH = YES;
				SDKROOT = iphoneos;
				SWIFT_COMPILATION_MODE = wholemodule;
				SWIFT_OPTIMIZATION_LEVEL = "-O";
				VALIDATE_PRODUCT = YES;
			};
			name = Release;
		};
		849017BF27AFC2C7002C2FF0 /* Debug */ = {
			isa = XCBuildConfiguration;
			buildSettings = {
				ASSETCATALOG_COMPILER_APPICON_NAME = AppIcon;
				ASSETCATALOG_COMPILER_GLOBAL_ACCENT_COLOR_NAME = AccentColor;
				CODE_SIGN_STYLE = Automatic;
				CURRENT_PROJECT_VERSION = 1;
				DEVELOPMENT_ASSET_PATHS = "\"Set(SwiftUI)/Preview Content\"";
				DEVELOPMENT_TEAM = ABZKDUEXFA;
				ENABLE_PREVIEWS = YES;
				GENERATE_INFOPLIST_FILE = YES;
				INFOPLIST_KEY_UIApplicationSceneManifest_Generation = YES;
				INFOPLIST_KEY_UIApplicationSupportsIndirectInputEvents = YES;
				INFOPLIST_KEY_UILaunchScreen_Generation = YES;
				INFOPLIST_KEY_UISupportedInterfaceOrientations_iPad = "UIInterfaceOrientationPortrait UIInterfaceOrientationPortraitUpsideDown UIInterfaceOrientationLandscapeLeft UIInterfaceOrientationLandscapeRight";
				INFOPLIST_KEY_UISupportedInterfaceOrientations_iPhone = "UIInterfaceOrientationPortrait UIInterfaceOrientationLandscapeLeft UIInterfaceOrientationLandscapeRight";
				LD_RUNPATH_SEARCH_PATHS = (
					"$(inherited)",
					"@executable_path/Frameworks",
				);
				MARKETING_VERSION = 1.0;
				PRODUCT_BUNDLE_IDENTIFIER = "admin.Set-SwiftUI-";
				PRODUCT_NAME = "$(TARGET_NAME)";
				SWIFT_EMIT_LOC_STRINGS = YES;
				SWIFT_VERSION = 5.0;
				TARGETED_DEVICE_FAMILY = "1,2";
			};
			name = Debug;
		};
		849017C027AFC2C7002C2FF0 /* Release */ = {
			isa = XCBuildConfiguration;
			buildSettings = {
				ASSETCATALOG_COMPILER_APPICON_NAME = AppIcon;
				ASSETCATALOG_COMPILER_GLOBAL_ACCENT_COLOR_NAME = AccentColor;
				CODE_SIGN_STYLE = Automatic;
				CURRENT_PROJECT_VERSION = 1;
				DEVELOPMENT_ASSET_PATHS = "\"Set(SwiftUI)/Preview Content\"";
				DEVELOPMENT_TEAM = ABZKDUEXFA;
				ENABLE_PREVIEWS = YES;
				GENERATE_INFOPLIST_FILE = YES;
				INFOPLIST_KEY_UIApplicationSceneManifest_Generation = YES;
				INFOPLIST_KEY_UIApplicationSupportsIndirectInputEvents = YES;
				INFOPLIST_KEY_UILaunchScreen_Generation = YES;
				INFOPLIST_KEY_UISupportedInterfaceOrientations_iPad = "UIInterfaceOrientationPortrait UIInterfaceOrientationPortraitUpsideDown UIInterfaceOrientationLandscapeLeft UIInterfaceOrientationLandscapeRight";
				INFOPLIST_KEY_UISupportedInterfaceOrientations_iPhone = "UIInterfaceOrientationPortrait UIInterfaceOrientationLandscapeLeft UIInterfaceOrientationLandscapeRight";
				LD_RUNPATH_SEARCH_PATHS = (
					"$(inherited)",
					"@executable_path/Frameworks",
				);
				MARKETING_VERSION = 1.0;
				PRODUCT_BUNDLE_IDENTIFIER = "admin.Set-SwiftUI-";
				PRODUCT_NAME = "$(TARGET_NAME)";
				SWIFT_EMIT_LOC_STRINGS = YES;
				SWIFT_VERSION = 5.0;
				TARGETED_DEVICE_FAMILY = "1,2";
			};
			name = Release;
		};
/* End XCBuildConfiguration section */

/* Begin XCConfigurationList section */
		849017AB27AFC2C2002C2FF0 /* Build configuration list for PBXProject "Set(SwiftUI)" */ = {
			isa = XCConfigurationList;
			buildConfigurations = (
				849017BC27AFC2C7002C2FF0 /* Debug */,
				849017BD27AFC2C7002C2FF0 /* Release */,
			);
			defaultConfigurationIsVisible = 0;
			defaultConfigurationName = Release;
		};
		849017BE27AFC2C7002C2FF0 /* Build configuration list for PBXNativeTarget "Set(SwiftUI)" */ = {
			isa = XCConfigurationList;
			buildConfigurations = (
				849017BF27AFC2C7002C2FF0 /* Debug */,
				849017C027AFC2C7002C2FF0 /* Release */,
			);
			defaultConfigurationIsVisible = 0;
			defaultConfigurationName = Release;
		};
/* End XCConfigurationList section */
	};
	rootObject = 849017A827AFC2C2002C2FF0 /* Project object */;
}
